
Microsoft Visual Studio Solution File, Format Version 12.00
# Visual Studio Version 17
VisualStudioVersion = 17.3.32901.215
MinimumVisualStudioVersion = 10.0.40219.1
Project("{FAE04EC0-301F-11D3-BF4B-00C04F79EFBC}") = "WinFormsApp6", "WinFormsApp6\WinFormsApp6.csproj", "{2E6E860F-108A-4709-80D5-8F33E8AB1A4E}"
EndProject
Global
	GlobalSection(SolutionConfigurationPlatforms) = preSolution
		Debug|Any CPU = Debug|Any CPU
		Release|Any CPU = Release|Any CPU
	EndGlobalSection
	GlobalSection(ProjectConfigurationPlatforms) = postSolution
		{2E6E860F-108A-4709-80D5-8F33E8AB1A4E}.Debug|Any CPU.ActiveCfg = Debug|Any CPU
		{2E6E860F-108A-4709-80D5-8F33E8AB1A4E}.Debug|Any CPU.Build.0 = Debug|Any CPU
		{2E6E860F-108A-4709-80D5-8F33E8AB1A4E}.Release|Any CPU.ActiveCfg = Release|Any CPU
		{2E6E860F-108A-4709-80D5-8F33E8AB1A4E}.Release|Any CPU.Build.0 = Release|Any CPU
	EndGlobalSection
	GlobalSection(SolutionProperties) = preSolution
		HideSolutionNode = FALSE
	EndGlobalSection
	GlobalSection(ExtensibilityGlobals) = postSolution
		SolutionGuid = {328E60D8-AC2B-496C-BA51-536486257EAC}
	EndGlobalSection
EndGlobal
