
Microsoft Visual Studio Solution File, Format Version 12.00
# Visual Studio Version 17
VisualStudioVersion = 17.4.33122.133
MinimumVisualStudioVersion = 10.0.40219.1
Project("{FAE04EC0-301F-11D3-BF4B-00C04F79EFBC}") = "JQueryUIExample", "JQueryUIExample\JQueryUIExample.csproj", "{8866E76D-D226-414B-B851-61E48AA5B76F}"
EndProject
Global
	GlobalSection(SolutionConfigurationPlatforms) = preSolution
		Debug|Any CPU = Debug|Any CPU
		Release|Any CPU = Release|Any CPU
	EndGlobalSection
	GlobalSection(ProjectConfigurationPlatforms) = postSolution
		{8866E76D-D226-414B-B851-61E48AA5B76F}.Debug|Any CPU.ActiveCfg = Debug|Any CPU
		{8866E76D-D226-414B-B851-61E48AA5B76F}.Debug|Any CPU.Build.0 = Debug|Any CPU
		{8866E76D-D226-414B-B851-61E48AA5B76F}.Release|Any CPU.ActiveCfg = Release|Any CPU
		{8866E76D-D226-414B-B851-61E48AA5B76F}.Release|Any CPU.Build.0 = Release|Any CPU
	EndGlobalSection
	GlobalSection(SolutionProperties) = preSolution
		HideSolutionNode = FALSE
	EndGlobalSection
	GlobalSection(ExtensibilityGlobals) = postSolution
		SolutionGuid = {4255E855-198D-4DE9-8998-D9C5758694DB}
	EndGlobalSection
EndGlobal
